
Microsoft Visual Studio Solution File, Format Version 12.00
# Visual Studio Version 17
VisualStudioVersion = 17.13.35919.96
MinimumVisualStudioVersion = 10.0.40219.1
Project("{FAE04EC0-301F-11D3-BF4B-00C04F79EFBC}") = "AngelStack.DomainDrivenDesign.EntityFrameworkCore", "AngelStack.DomainDrivenDesign.EntityFrameworkCore.csproj", "{870790F5-E3AA-4135-9443-1CB5267D0D5C}"
EndProject
Project("{FAE04EC0-301F-11D3-BF4B-00C04F79EFBC}") = "ConsoleTests", "..\ConsoleTests\ConsoleTests.csproj", "{05FD5B77-9E26-4BF5-95AF-DC36CB8C61B9}"
EndProject
Global
	GlobalSection(SolutionConfigurationPlatforms) = preSolution
		Debug|Any CPU = Debug|Any CPU
		Release|Any CPU = Release|Any CPU
	EndGlobalSection
	GlobalSection(ProjectConfigurationPlatforms) = postSolution
		{870790F5-E3AA-4135-9443-1CB5267D0D5C}.Debug|Any CPU.ActiveCfg = Debug|Any CPU
		{870790F5-E3AA-4135-9443-1CB5267D0D5C}.Debug|Any CPU.Build.0 = Debug|Any CPU
		{870790F5-E3AA-4135-9443-1CB5267D0D5C}.Release|Any CPU.ActiveCfg = Release|Any CPU
		{870790F5-E3AA-4135-9443-1CB5267D0D5C}.Release|Any CPU.Build.0 = Release|Any CPU
		{05FD5B77-9E26-4BF5-95AF-DC36CB8C61B9}.Debug|Any CPU.ActiveCfg = Debug|Any CPU
		{05FD5B77-9E26-4BF5-95AF-DC36CB8C61B9}.Debug|Any CPU.Build.0 = Debug|Any CPU
		{05FD5B77-9E26-4BF5-95AF-DC36CB8C61B9}.Release|Any CPU.ActiveCfg = Release|Any CPU
		{05FD5B77-9E26-4BF5-95AF-DC36CB8C61B9}.Release|Any CPU.Build.0 = Release|Any CPU
	EndGlobalSection
	GlobalSection(SolutionProperties) = preSolution
		HideSolutionNode = FALSE
	EndGlobalSection
	GlobalSection(ExtensibilityGlobals) = postSolution
		SolutionGuid = {1BD4EA83-0400-4F79-9C24-403B56B12CAE}
	EndGlobalSection
EndGlobal
